
Microsoft Visual Studio Solution File, Format Version 12.00
# Visual Studio Version 17
VisualStudioVersion = 17.14.36414.22
MinimumVisualStudioVersion = 10.0.40219.1
Project("{FAE04EC0-301F-11D3-BF4B-00C04F79EFBC}") = "PracticaEjercicio1", "Practica\PracticaEjercicio1.csproj", "{7137B30B-39F4-4A98-802B-9F1030E8BD4B}"
EndProject
Project("{FAE04EC0-301F-11D3-BF4B-00C04F79EFBC}") = "PracticaEjercicio2", "PracticaEjercicio2\PracticaEjercicio2.csproj", "{DDAA44CD-D5CE-4944-AA40-3CB399DE8299}"
EndProject
Project("{FAE04EC0-301F-11D3-BF4B-00C04F79EFBC}") = "Practicaejercicio3", "Practicaejercicio3\Practicaejercicio3.csproj", "{71E6D7EE-86E3-40A3-A31C-F230AD188954}"
EndProject
Project("{FAE04EC0-301F-11D3-BF4B-00C04F79EFBC}") = "PracticaEjercicio4", "PracticaEjercicio4\PracticaEjercicio4.csproj", "{DCB92B4D-A498-4A0A-B4DD-0A4DFFA3AAA3}"
EndProject
Global
	GlobalSection(SolutionConfigurationPlatforms) = preSolution
		Debug|Any CPU = Debug|Any CPU
		Release|Any CPU = Release|Any CPU
	EndGlobalSection
	GlobalSection(ProjectConfigurationPlatforms) = postSolution
		{7137B30B-39F4-4A98-802B-9F1030E8BD4B}.Debug|Any CPU.ActiveCfg = Debug|Any CPU
		{7137B30B-39F4-4A98-802B-9F1030E8BD4B}.Debug|Any CPU.Build.0 = Debug|Any CPU
		{7137B30B-39F4-4A98-802B-9F1030E8BD4B}.Release|Any CPU.ActiveCfg = Release|Any CPU
		{7137B30B-39F4-4A98-802B-9F1030E8BD4B}.Release|Any CPU.Build.0 = Release|Any CPU
		{DDAA44CD-D5CE-4944-AA40-3CB399DE8299}.Debug|Any CPU.ActiveCfg = Debug|Any CPU
		{DDAA44CD-D5CE-4944-AA40-3CB399DE8299}.Debug|Any CPU.Build.0 = Debug|Any CPU
		{DDAA44CD-D5CE-4944-AA40-3CB399DE8299}.Release|Any CPU.ActiveCfg = Release|Any CPU
		{DDAA44CD-D5CE-4944-AA40-3CB399DE8299}.Release|Any CPU.Build.0 = Release|Any CPU
		{71E6D7EE-86E3-40A3-A31C-F230AD188954}.Debug|Any CPU.ActiveCfg = Debug|Any CPU
		{71E6D7EE-86E3-40A3-A31C-F230AD188954}.Debug|Any CPU.Build.0 = Debug|Any CPU
		{71E6D7EE-86E3-40A3-A31C-F230AD188954}.Release|Any CPU.ActiveCfg = Release|Any CPU
		{71E6D7EE-86E3-40A3-A31C-F230AD188954}.Release|Any CPU.Build.0 = Release|Any CPU
		{DCB92B4D-A498-4A0A-B4DD-0A4DFFA3AAA3}.Debug|Any CPU.ActiveCfg = Debug|Any CPU
		{DCB92B4D-A498-4A0A-B4DD-0A4DFFA3AAA3}.Debug|Any CPU.Build.0 = Debug|Any CPU
		{DCB92B4D-A498-4A0A-B4DD-0A4DFFA3AAA3}.Release|Any CPU.ActiveCfg = Release|Any CPU
		{DCB92B4D-A498-4A0A-B4DD-0A4DFFA3AAA3}.Release|Any CPU.Build.0 = Release|Any CPU
	EndGlobalSection
	GlobalSection(SolutionProperties) = preSolution
		HideSolutionNode = FALSE
	EndGlobalSection
	GlobalSection(ExtensibilityGlobals) = postSolution
		SolutionGuid = {421EEC3B-4E7C-405C-AC14-A27B7D54416B}
	EndGlobalSection
EndGlobal
